// !$*UTF8*$!
{
	archiveVersion = 1;
	classes = {
	};
	objectVersion = 46;
	objects = {

/* Begin PBXBuildFile section */
		F896EBB71B663D6C00CD4BC3 /* main.m in Sources */ = {isa = PBXBuildFile; fileRef = F896EBB61B663D6C00CD4BC3 /* main.m */; };
		F896EBBA1B663D6C00CD4BC3 /* AppDelegate.m in Sources */ = {isa = PBXBuildFile; fileRef = F896EBB91B663D6C00CD4BC3 /* AppDelegate.m */; };
		F896EBBD1B663D6C00CD4BC3 /* ViewController.m in Sources */ = {isa = PBXBuildFile; fileRef = F896EBBC1B663D6C00CD4BC3 /* ViewController.m */; };
		F896EBC01B663D6C00CD4BC3 /* Main.storyboard in Resources */ = {isa = PBXBuildFile; fileRef = F896EBBE1B663D6C00CD4BC3 /* Main.storyboard */; };
		F896EBC21B663D6C00CD4BC3 /* Images.xcassets in Resources */ = {isa = PBXBuildFile; fileRef = F896EBC11B663D6C00CD4BC3 /* Images.xcassets */; };
		F896EBC51B663D6C00CD4BC3 /* LaunchScreen.xib in Resources */ = {isa = PBXBuildFile; fileRef = F896EBC31B663D6C00CD4BC3 /* LaunchScreen.xib */; };
		F896EBD11B663D6C00CD4BC3 /* CFGradientLabelDemoTests.m in Sources */ = {isa = PBXBuildFile; fileRef = F896EBD01B663D6C00CD4BC3 /* CFGradientLabelDemoTests.m */; };
		F896EBDC1B67251400CD4BC3 /* CFGradientLabel.m in Sources */ = {isa = PBXBuildFile; fileRef = F896EBDB1B67251400CD4BC3 /* CFGradientLabel.m */; };
/* End PBXBuildFile section */

/* Begin PBXContainerItemProxy section */
		F896EBCB1B663D6C00CD4BC3 /* PBXContainerItemProxy */ = {
			isa = PBXContainerItemProxy;
			containerPortal = F896EBA91B663D6C00CD4BC3 /* Project object */;
			proxyType = 1;
			remoteGlobalIDString = F896EBB01B663D6C00CD4BC3;
			remoteInfo = CFGradientLabelDemo;
		};
/* End PBXContainerItemProxy section */

/* Begin PBXFileReference section */
		F896EBB11B663D6C00CD4BC3 /* CFGradientLabelDemo.app */ = {isa = PBXFileReference; explicitFileType = wrapper.application; includeInIndex = 0; path = CFGradientLabelDemo.app; sourceTree = BUILT_PRODUCTS_DIR; };
		F896EBB51B663D6C00CD4BC3 /* Info.plist */ = {isa = PBXFileReference; lastKnownFileType = text.plist.xml; path = Info.plist; sourceTree = "<group>"; };
		F896EBB61B663D6C00CD4BC3 /* main.m */ = {isa = PBXFileReference; lastKnownFileType = sourcecode.c.objc; path = main.m; sourceTree = "<group>"; };
		F896EBB81B663D6C00CD4BC3 /* AppDelegate.h */ = {isa = PBXFileReference; lastKnownFileType = sourcecode.c.h; path = AppDelegate.h; sourceTree = "<group>"; };
		F896EBB91B663D6C00CD4BC3 /* AppDelegate.m */ = {isa = PBXFileReference; lastKnownFileType = sourcecode.c.objc; path = AppDelegate.m; sourceTree = "<group>"; };
		F896EBBB1B663D6C00CD4BC3 /* ViewController.h */ = {isa = PBXFileReference; lastKnownFileType = sourcecode.c.h; path = ViewController.h; sourceTree = "<group>"; };
		F896EBBC1B663D6C00CD4BC3 /* ViewController.m */ = {isa = PBXFileReference; lastKnownFileType = sourcecode.c.objc; path = ViewController.m; sourceTree = "<group>"; };
		F896EBBF1B663D6C00CD4BC3 /* Base */ = {isa = PBXFileReference; lastKnownFileType = file.storyboard; name = Base; path = Base.lproj/Main.storyboard; sourceTree = "<group>"; };
		F896EBC11B663D6C00CD4BC3 /* Images.xcassets */ = {isa = PBXFileReference; lastKnownFileType = folder.assetcatalog; path = Images.xcassets; sourceTree = "<group>"; };
		F896EBC41B663D6C00CD4BC3 /* Base */ = {isa = PBXFileReference; lastKnownFileType = file.xib; name = Base; path = Base.lproj/LaunchScreen.xib; sourceTree = "<group>"; };
		F896EBCA1B663D6C00CD4BC3 /* CFGradientLabelDemoTests.xctest */ = {isa = PBXFileReference; explicitFileType = wrapper.cfbundle; includeInIndex = 0; path = CFGradientLabelDemoTests.xctest; sourceTree = BUILT_PRODUCTS_DIR; };
		F896EBCF1B663D6C00CD4BC3 /* Info.plist */ = {isa = PBXFileReference; lastKnownFileType = text.plist.xml; path = Info.plist; sourceTree = "<group>"; };
		F896EBD01B663D6C00CD4BC3 /* CFGradientLabelDemoTests.m */ = {isa = PBXFileReference; lastKnownFileType = sourcecode.c.objc; path = CFGradientLabelDemoTests.m; sourceTree = "<group>"; };
		F896EBDA1B67251400CD4BC3 /* CFGradientLabel.h */ = {isa = PBXFileReference; fileEncoding = 4; lastKnownFileType = sourcecode.c.h; path = CFGradientLabel.h; sourceTree = "<group>"; };
		F896EBDB1B67251400CD4BC3 /* CFGradientLabel.m */ = {isa = PBXFileReference; fileEncoding = 4; lastKnownFileType = sourcecode.c.objc; path = CFGradientLabel.m; sourceTree = "<group>"; };
/* End PBXFileReference section */

/* Begin PBXFrameworksBuildPhase section */
		F896EBAE1B663D6C00CD4BC3 /* Frameworks */ = {
			isa = PBXFrameworksBuildPhase;
			buildActionMask = 2147483647;
			files = (
			);
			runOnlyForDeploymentPostprocessing = 0;
		};
		F896EBC71B663D6C00CD4BC3 /* Frameworks */ = {
			isa = PBXFrameworksBuildPhase;
			buildActionMask = 2147483647;
			files = (
			);
			runOnlyForDeploymentPostprocessing = 0;
		};
/* End PBXFrameworksBuildPhase section */

/* Begin PBXGroup section */
		F896EBA81B663D6C00CD4BC3 = {
			isa = PBXGroup;
			children = (
				F896EBB31B663D6C00CD4BC3 /* CFGradientLabelDemo */,
				F896EBCD1B663D6C00CD4BC3 /* CFGradientLabelDemoTests */,
				F896EBB21B663D6C00CD4BC3 /* Products */,
			);
			sourceTree = "<group>";
		};
		F896EBB21B663D6C00CD4BC3 /* Products */ = {
			isa = PBXGroup;
			children = (
				F896EBB11B663D6C00CD4BC3 /* CFGradientLabelDemo.app */,
				F896EBCA1B663D6C00CD4BC3 /* CFGradientLabelDemoTests.xctest */,
			);
			name = Products;
			sourceTree = "<group>";
		};
		F896EBB31B663D6C00CD4BC3 /* CFGradientLabelDemo */ = {
			isa = PBXGroup;
			children = (
				F896EBB81B663D6C00CD4BC3 /* AppDelegate.h */,
				F896EBB91B663D6C00CD4BC3 /* AppDelegate.m */,
				F896EBBB1B663D6C00CD4BC3 /* ViewController.h */,
				F896EBBC1B663D6C00CD4BC3 /* ViewController.m */,
				F896EBDA1B67251400CD4BC3 /* CFGradientLabel.h */,
				F896EBDB1B67251400CD4BC3 /* CFGradientLabel.m */,
				F896EBBE1B663D6C00CD4BC3 /* Main.storyboard */,
				F896EBC11B663D6C00CD4BC3 /* Images.xcassets */,
				F896EBC31B663D6C00CD4BC3 /* LaunchScreen.xib */,
				F896EBB41B663D6C00CD4BC3 /* Supporting Files */,
			);
			path = CFGradientLabelDemo;
			sourceTree = "<group>";
		};
		F896EBB41B663D6C00CD4BC3 /* Supporting Files */ = {
			isa = PBXGroup;
			children = (
				F896EBB51B663D6C00CD4BC3 /* Info.plist */,
				F896EBB61B663D6C00CD4BC3 /* main.m */,
			);
			name = "Supporting Files";
			sourceTree = "<group>";
		};
		F896EBCD1B663D6C00CD4BC3 /* CFGradientLabelDemoTests */ = {
			isa = PBXGroup;
			children = (
				F896EBD01B663D6C00CD4BC3 /* CFGradientLabelDemoTests.m */,
				F896EBCE1B663D6C00CD4BC3 /* Supporting Files */,
			);
			path = CFGradientLabelDemoTests;
			sourceTree = "<group>";
		};
		F896EBCE1B663D6C00CD4BC3 /* Supporting Files */ = {
			isa = PBXGroup;
			children = (
				F896EBCF1B663D6C00CD4BC3 /* Info.plist */,
			);
			name = "Supporting Files";
			sourceTree = "<group>";
		};
/* End PBXGroup section */

/* Begin PBXNativeTarget section */
		F896EBB01B663D6C00CD4BC3 /* CFGradientLabelDemo */ = {
			isa = PBXNativeTarget;
			buildConfigurationList = F896EBD41B663D6C00CD4BC3 /* Build configuration list for PBXNativeTarget "CFGradientLabelDemo" */;
			buildPhases = (
				F896EBAD1B663D6C00CD4BC3 /* Sources */,
				F896EBAE1B663D6C00CD4BC3 /* Frameworks */,
				F896EBAF1B663D6C00CD4BC3 /* Resources */,
			);
			buildRules = (
			);
			dependencies = (
			);
			name = CFGradientLabelDemo;
			productName = CFGradientLabelDemo;
			productReference = F896EBB11B663D6C00CD4BC3 /* CFGradientLabelDemo.app */;
			productType = "com.apple.product-type.application";
		};
		F896EBC91B663D6C00CD4BC3 /* CFGradientLabelDemoTests */ = {
			isa = PBXNativeTarget;
			buildConfigurationList = F896EBD71B663D6C00CD4BC3 /* Build configuration list for PBXNativeTarget "CFGradientLabelDemoTests" */;
			buildPhases = (
				F896EBC61B663D6C00CD4BC3 /* Sources */,
				F896EBC71B663D6C00CD4BC3 /* Frameworks */,
				F896EBC81B663D6C00CD4BC3 /* Resources */,
			);
			buildRules = (
			);
			dependencies = (
				F896EBCC1B663D6C00CD4BC3 /* PBXTargetDependency */,
			);
			name = CFGradientLabelDemoTests;
			productName = CFGradientLabelDemoTests;
			productReference = F896EBCA1B663D6C00CD4BC3 /* CFGradientLabelDemoTests.xctest */;
			productType = "com.apple.product-type.bundle.unit-test";
		};
/* End PBXNativeTarget section */

/* Begin PBXProject section */
		F896EBA91B663D6C00CD4BC3 /* Project object */ = {
			isa = PBXProject;
			attributes = {
				LastUpgradeCheck = 0630;
				ORGANIZATIONNAME = "于 传峰";
				TargetAttributes = {
					F896EBB01B663D6C00CD4BC3 = {
						CreatedOnToolsVersion = 6.3.1;
					};
					F896EBC91B663D6C00CD4BC3 = {
						CreatedOnToolsVersion = 6.3.1;
						TestTargetID = F896EBB01B663D6C00CD4BC3;
					};
				};
			};
			buildConfigurationList = F896EBAC1B663D6C00CD4BC3 /* Build configuration list for PBXProject "CFGradientLabelDemo" */;
			compatibilityVersion = "Xcode 3.2";
			developmentRegion = English;
			hasScannedForEncodings = 0;
			knownRegions = (
				en,
				Base,
			);
			mainGroup = F896EBA81B663D6C00CD4BC3;
			productRefGroup = F896EBB21B663D6C00CD4BC3 /* Products */;
			projectDirPath = "";
			projectRoot = "";
			targets = (
				F896EBB01B663D6C00CD4BC3 /* CFGradientLabelDemo */,
				F896EBC91B663D6C00CD4BC3 /* CFGradientLabelDemoTests */,
			);
		};
/* End PBXProject section */

/* Begin PBXResourcesBuildPhase section */
		F896EBAF1B663D6C00CD4BC3 /* Resources */ = {
			isa = PBXResourcesBuildPhase;
			buildActionMask = 2147483647;
			files = (
				F896EBC01B663D6C00CD4BC3 /* Main.storyboard in Resources */,
				F896EBC51B663D6C00CD4BC3 /* LaunchScreen.xib in Resources */,
				F896EBC21B663D6C00CD4BC3 /* Images.xcassets in Resources */,
			);
			runOnlyForDeploymentPostprocessing = 0;
		};
		F896EBC81B663D6C00CD4BC3 /* Resources */ = {
			isa = PBXResourcesBuildPhase;
			buildActionMask = 2147483647;
			files = (
			);
			runOnlyForDeploymentPostprocessing = 0;
		};
/* End PBXResourcesBuildPhase section */

/* Begin PBXSourcesBuildPhase section */
		F896EBAD1B663D6C00CD4BC3 /* Sources */ = {
			isa = PBXSourcesBuildPhase;
			buildActionMask = 2147483647;
			files = (
				F896EBBD1B663D6C00CD4BC3 /* ViewController.m in Sources */,
				F896EBBA1B663D6C00CD4BC3 /* AppDelegate.m in Sources */,
				F896EBDC1B67251400CD4BC3 /* CFGradientLabel.m in Sources */,
				F896EBB71B663D6C00CD4BC3 /* main.m in Sources */,
			);
			runOnlyForDeploymentPostprocessing = 0;
		};
		F896EBC61B663D6C00CD4BC3 /* Sources */ = {
			isa = PBXSourcesBuildPhase;
			buildActionMask = 2147483647;
			files = (
				F896EBD11B663D6C00CD4BC3 /* CFGradientLabelDemoTests.m in Sources */,
			);
			runOnlyForDeploymentPostprocessing = 0;
		};
/* End PBXSourcesBuildPhase section */

/* Begin PBXTargetDependency section */
		F896EBCC1B663D6C00CD4BC3 /* PBXTargetDependency */ = {
			isa = PBXTargetDependency;
			target = F896EBB01B663D6C00CD4BC3 /* CFGradientLabelDemo */;
			targetProxy = F896EBCB1B663D6C00CD4BC3 /* PBXContainerItemProxy */;
		};
/* End PBXTargetDependency section */

/* Begin PBXVariantGroup section */
		F896EBBE1B663D6C00CD4BC3 /* Main.storyboard */ = {
			isa = PBXVariantGroup;
			children = (
				F896EBBF1B663D6C00CD4BC3 /* Base */,
			);
			name = Main.storyboard;
			sourceTree = "<group>";
		};
		F896EBC31B663D6C00CD4BC3 /* LaunchScreen.xib */ = {
			isa = PBXVariantGroup;
			children = (
				F896EBC41B663D6C00CD4BC3 /* Base */,
			);
			name = LaunchScreen.xib;
			sourceTree = "<group>";
		};
/* End PBXVariantGroup section */

/* Begin XCBuildConfiguration section */
		F896EBD21B663D6C00CD4BC3 /* Debug */ = {
			isa = XCBuildConfiguration;
			buildSettings = {
				ALWAYS_SEARCH_USER_PATHS = NO;
				CLANG_CXX_LANGUAGE_STANDARD = "gnu++0x";
				CLANG_CXX_LIBRARY = "libc++";
				CLANG_ENABLE_MODULES = YES;
				CLANG_ENABLE_OBJC_ARC = YES;
				CLANG_WARN_BOOL_CONVERSION = YES;
				CLANG_WARN_CONSTANT_CONVERSION = YES;
				CLANG_WARN_DIRECT_OBJC_ISA_USAGE = YES_ERROR;
				CLANG_WARN_EMPTY_BODY = YES;
				CLANG_WARN_ENUM_CONVERSION = YES;
				CLANG_WARN_INT_CONVERSION = YES;
				CLANG_WARN_OBJC_ROOT_CLASS = YES_ERROR;
				CLANG_WARN_UNREACHABLE_CODE = YES;
				CLANG_WARN__DUPLICATE_METHOD_MATCH = YES;
				"CODE_SIGN_IDENTITY[sdk=iphoneos*]" = "iPhone Developer";
				COPY_PHASE_STRIP = NO;
				DEBUG_INFORMATION_FORMAT = "dwarf-with-dsym";
				ENABLE_STRICT_OBJC_MSGSEND = YES;
				GCC_C_LANGUAGE_STANDARD = gnu99;
				GCC_DYNAMIC_NO_PIC = NO;
				GCC_NO_COMMON_BLOCKS = YES;
				GCC_OPTIMIZATION_LEVEL = 0;
				GCC_PREPROCESSOR_DEFINITIONS = (
					"DEBUG=1",
					"$(inherited)",
				);
				GCC_SYMBOLS_PRIVATE_EXTERN = NO;
				GCC_WARN_64_TO_32_BIT_CONVERSION = YES;
				GCC_WARN_ABOUT_RETURN_TYPE = YES_ERROR;
				GCC_WARN_UNDECLARED_SELECTOR = YES;
				GCC_WARN_UNINITIALIZED_AUTOS = YES_AGGRESSIVE;
				GCC_WARN_UNUSED_FUNCTION = YES;
				GCC_WARN_UNUSED_VARIABLE = YES;
				IPHONEOS_DEPLOYMENT_TARGET = 8.3;
				MTL_ENABLE_DEBUG_INFO = YES;
				ONLY_ACTIVE_ARCH = YES;
				SDKROOT = iphoneos;
			};
			name = Debug;
		};
		F896EBD31B663D6C00CD4BC3 /* Release */ = {
			isa = XCBuildConfiguration;
			buildSettings = {
				ALWAYS_SEARCH_USER_PATHS = NO;
				CLANG_CXX_LANGUAGE_STANDARD = "gnu++0x";
				CLANG_CXX_LIBRARY = "libc++";
				CLANG_ENABLE_MODULES = YES;
				CLANG_ENABLE_OBJC_ARC = YES;
				CLANG_WARN_BOOL_CONVERSION = YES;
				CLANG_WARN_CONSTANT_CONVERSION = YES;
				CLANG_WARN_DIRECT_OBJC_ISA_USAGE = YES_ERROR;
				CLANG_WARN_EMPTY_BODY = YES;
				CLANG_WARN_ENUM_CONVERSION = YES;
				CLANG_WARN_INT_CONVERSION = YES;
				CLANG_WARN_OBJC_ROOT_CLASS = YES_ERROR;
				CLANG_WARN_UNREACHABLE_CODE = YES;
				CLANG_WARN__DUPLICATE_METHOD_MATCH = YES;
				"CODE_SIGN_IDENTITY[sdk=iphoneos*]" = "iPhone Developer";
				COPY_PHASE_STRIP = NO;
				DEBUG_INFORMATION_FORMAT = "dwarf-with-dsym";
				ENABLE_NS_ASSERTIONS = NO;
				ENABLE_STRICT_OBJC_MSGSEND = YES;
				GCC_C_LANGUAGE_STANDARD = gnu99;
				GCC_NO_COMMON_BLOCKS = YES;
				GCC_WARN_64_TO_32_BIT_CONVERSION = YES;
				GCC_WARN_ABOUT_RETURN_TYPE = YES_ERROR;
				GCC_WARN_UNDECLARED_SELECTOR = YES;
				GCC_WARN_UNINITIALIZED_AUTOS = YES_AGGRESSIVE;
				GCC_WARN_UNUSED_FUNCTION = YES;
				GCC_WARN_UNUSED_VARIABLE = YES;
				IPHONEOS_DEPLOYMENT_TARGET = 8.3;
				MTL_ENABLE_DEBUG_INFO = NO;
				SDKROOT = iphoneos;
				VALIDATE_PRODUCT = YES;
			};
			name = Release;
		};
		F896EBD51B663D6C00CD4BC3 /* Debug */ = {
			isa = XCBuildConfiguration;
			buildSettings = {
				ASSETCATALOG_COMPILER_APPICON_NAME = AppIcon;
				INFOPLIST_FILE = CFGradientLabelDemo/Info.plist;
				LD_RUNPATH_SEARCH_PATHS = "$(inherited) @executable_path/Frameworks";
				PRODUCT_NAME = "$(TARGET_NAME)";
			};
			name = Debug;
		};
		F896EBD61B663D6C00CD4BC3 /* Release */ = {
			isa = XCBuildConfiguration;
			buildSettings = {
				ASSETCATALOG_COMPILER_APPICON_NAME = AppIcon;
				INFOPLIST_FILE = CFGradientLabelDemo/Info.plist;
				LD_RUNPATH_SEARCH_PATHS = "$(inherited) @executable_path/Frameworks";
				PRODUCT_NAME = "$(TARGET_NAME)";
			};
			name = Release;
		};
		F896EBD81B663D6C00CD4BC3 /* Debug */ = {
			isa = XCBuildConfiguration;
			buildSettings = {
				BUNDLE_LOADER = "$(TEST_HOST)";
				FRAMEWORK_SEARCH_PATHS = (
					"$(SDKROOT)/Developer/Library/Frameworks",
					"$(inherited)",
				);
				GCC_PREPROCESSOR_DEFINITIONS = (
					"DEBUG=1",
					"$(inherited)",
				);
				INFOPLIST_FILE = CFGradientLabelDemoTests/Info.plist;
				LD_RUNPATH_SEARCH_PATHS = "$(inherited) @executable_path/Frameworks @loader_path/Frameworks";
				PRODUCT_NAME = "$(TARGET_NAME)";
				TEST_HOST = "$(BUILT_PRODUCTS_DIR)/CFGradientLabelDemo.app/CFGradientLabelDemo";
			};
			name = Debug;
		};
		F896EBD91B663D6C00CD4BC3 /* Release */ = {
			isa = XCBuildConfiguration;
			buildSettings = {
				BUNDLE_LOADER = "$(TEST_HOST)";
				FRAMEWORK_SEARCH_PATHS = (
					"$(SDKROOT)/Developer/Library/Frameworks",
					"$(inherited)",
				);
				INFOPLIST_FILE = CFGradientLabelDemoTests/Info.plist;
				LD_RUNPATH_SEARCH_PATHS = "$(inherited) @executable_path/Frameworks @loader_path/Frameworks";
				PRODUCT_NAME = "$(TARGET_NAME)";
				TEST_HOST = "$(BUILT_PRODUCTS_DIR)/CFGradientLabelDemo.app/CFGradientLabelDemo";
			};
			name = Release;
		};
/* End XCBuildConfiguration section */

/* Begin XCConfigurationList section */
		F896EBAC1B663D6C00CD4BC3 /* Build configuration list for PBXProject "CFGradientLabelDemo" */ = {
			isa = XCConfigurationList;
			buildConfigurations = (
				F896EBD21B663D6C00CD4BC3 /* Debug */,
				F896EBD31B663D6C00CD4BC3 /* Release */,
			);
			defaultConfigurationIsVisible = 0;
			defaultConfigurationName = Release;
		};
		F896EBD41B663D6C00CD4BC3 /* Build configuration list for PBXNativeTarget "CFGradientLabelDemo" */ = {
			isa = XCConfigurationList;
			buildConfigurations = (
				F896EBD51B663D6C00CD4BC3 /* Debug */,
				F896EBD61B663D6C00CD4BC3 /* Release */,
			);
			defaultConfigurationIsVisible = 0;
			defaultConfigurationName = Release;
		};
		F896EBD71B663D6C00CD4BC3 /* Build configuration list for PBXNativeTarget "CFGradientLabelDemoTests" */ = {
			isa = XCConfigurationList;
			buildConfigurations = (
				F896EBD81B663D6C00CD4BC3 /* Debug */,
				F896EBD91B663D6C00CD4BC3 /* Release */,
			);
			defaultConfigurationIsVisible = 0;
			defaultConfigurationName = Release;
		};
/* End XCConfigurationList section */
	};
	rootObject = F896EBA91B663D6C00CD4BC3 /* Project object */;
}
